
Microsoft Visual Studio Solution File, Format Version 12.00
# Visual Studio Version 17
VisualStudioVersion = 17.4.33213.308
MinimumVisualStudioVersion = 10.0.40219.1
Project("{FAE04EC0-301F-11D3-BF4B-00C04F79EFBC}") = "Git_Kalindar", "Git_Kalindar\Git_Kalindar.csproj", "{9D4200B4-668A-415B-97C8-05A5707C8DC3}"
EndProject
Project("{FAE04EC0-301F-11D3-BF4B-00C04F79EFBC}") = "ClassLibraryGit", "ClassLibraryGit\ClassLibraryGit.csproj", "{81A6779E-7B2F-4CD5-8688-4306BEFD792A}"
EndProject
Global
	GlobalSection(SolutionConfigurationPlatforms) = preSolution
		Debug|Any CPU = Debug|Any CPU
		Release|Any CPU = Release|Any CPU
	EndGlobalSection
	GlobalSection(ProjectConfigurationPlatforms) = postSolution
		{9D4200B4-668A-415B-97C8-05A5707C8DC3}.Debug|Any CPU.ActiveCfg = Debug|Any CPU
		{9D4200B4-668A-415B-97C8-05A5707C8DC3}.Debug|Any CPU.Build.0 = Debug|Any CPU
		{9D4200B4-668A-415B-97C8-05A5707C8DC3}.Release|Any CPU.ActiveCfg = Release|Any CPU
		{9D4200B4-668A-415B-97C8-05A5707C8DC3}.Release|Any CPU.Build.0 = Release|Any CPU
		{81A6779E-7B2F-4CD5-8688-4306BEFD792A}.Debug|Any CPU.ActiveCfg = Debug|Any CPU
		{81A6779E-7B2F-4CD5-8688-4306BEFD792A}.Debug|Any CPU.Build.0 = Debug|Any CPU
		{81A6779E-7B2F-4CD5-8688-4306BEFD792A}.Release|Any CPU.ActiveCfg = Release|Any CPU
		{81A6779E-7B2F-4CD5-8688-4306BEFD792A}.Release|Any CPU.Build.0 = Release|Any CPU
	EndGlobalSection
	GlobalSection(SolutionProperties) = preSolution
		HideSolutionNode = FALSE
	EndGlobalSection
	GlobalSection(ExtensibilityGlobals) = postSolution
		SolutionGuid = {5B5B56A2-A636-40FA-A70D-1D466AE00F01}
	EndGlobalSection
EndGlobal
